
Microsoft Visual Studio Solution File, Format Version 12.00
# Visual Studio 15
VisualStudioVersion = 15.0.28307.572
MinimumVisualStudioVersion = 10.0.40219.1
Project("{FAE04EC0-301F-11D3-BF4B-00C04F79EFBC}") = "People.Android", "People\People.Android\People.Android.csproj", "{D91490DD-9B49-42AF-ABE0-F8453D99B7FF}"
EndProject
Project("{FAE04EC0-301F-11D3-BF4B-00C04F79EFBC}") = "People", "People\People\People.csproj", "{EE26A083-6AA2-429E-A982-2905AE2D71C5}"
EndProject
Global
	GlobalSection(SolutionConfigurationPlatforms) = preSolution
		Debug|Any CPU = Debug|Any CPU
		Release|Any CPU = Release|Any CPU
	EndGlobalSection
	GlobalSection(ProjectConfigurationPlatforms) = postSolution
		{D91490DD-9B49-42AF-ABE0-F8453D99B7FF}.Debug|Any CPU.ActiveCfg = Debug|Any CPU
		{D91490DD-9B49-42AF-ABE0-F8453D99B7FF}.Debug|Any CPU.Build.0 = Debug|Any CPU
		{D91490DD-9B49-42AF-ABE0-F8453D99B7FF}.Debug|Any CPU.Deploy.0 = Debug|Any CPU
		{D91490DD-9B49-42AF-ABE0-F8453D99B7FF}.Release|Any CPU.ActiveCfg = Release|Any CPU
		{D91490DD-9B49-42AF-ABE0-F8453D99B7FF}.Release|Any CPU.Build.0 = Release|Any CPU
		{D91490DD-9B49-42AF-ABE0-F8453D99B7FF}.Release|Any CPU.Deploy.0 = Release|Any CPU
		{EE26A083-6AA2-429E-A982-2905AE2D71C5}.Debug|Any CPU.ActiveCfg = Debug|Any CPU
		{EE26A083-6AA2-429E-A982-2905AE2D71C5}.Debug|Any CPU.Build.0 = Debug|Any CPU
		{EE26A083-6AA2-429E-A982-2905AE2D71C5}.Debug|Any CPU.Deploy.0 = Debug|Any CPU
		{EE26A083-6AA2-429E-A982-2905AE2D71C5}.Release|Any CPU.ActiveCfg = Release|Any CPU
		{EE26A083-6AA2-429E-A982-2905AE2D71C5}.Release|Any CPU.Build.0 = Release|Any CPU
		{EE26A083-6AA2-429E-A982-2905AE2D71C5}.Release|Any CPU.Deploy.0 = Release|Any CPU
	EndGlobalSection
	GlobalSection(SolutionProperties) = preSolution
		HideSolutionNode = FALSE
	EndGlobalSection
	GlobalSection(ExtensibilityGlobals) = postSolution
		SolutionGuid = {614EB321-5B57-4276-869A-BB9ECD5BC0CC}
	EndGlobalSection
EndGlobal
